PODS:
  - abtesting_sdk_flutter (1.0.0):
    - Flutter
    - SensorsABTesting
  - Flutter (1.0.0)
  - sensors_analytics_flutter_plugin (4.2.1):
    - Flutter
    - SensorsAnalyticsSDK (>= 4.9.0)
  - SensorsABTesting (1.1.0):
    - SensorsAnalyticsSDK (>= 4.5.6)
  - SensorsAnalyticsSDK (5.0.5):
    - SensorsAnalyticsSDK/Core (= 5.0.5)
  - SensorsAnalyticsSDK/Core (5.0.5)

DEPENDENCIES:
  - abtesting_sdk_flutter (from `.symlinks/plugins/abtesting_sdk_flutter/ios`)
  - Flutter (from `Flutter`)
  - sensors_analytics_flutter_plugin (from `.symlinks/plugins/sensors_analytics_flutter_plugin/ios`)

SPEC REPOS:
  trunk:
    - SensorsABTesting
    - SensorsAnalyticsSDK

EXTERNAL SOURCES:
  abtesting_sdk_flutter:
    :path: ".symlinks/plugins/abtesting_sdk_flutter/ios"
  Flutter:
    :path: Flutter
  sensors_analytics_flutter_plugin:
    :path: ".symlinks/plugins/sensors_analytics_flutter_plugin/ios"

SPEC CHECKSUMS:
  abtesting_sdk_flutter: e7f445e6b79b41ffb0a4e6aab4098ad4f7f3b702
  Flutter: e0871f40cf51350855a761d2e70bf5af5b9b5de7
  sensors_analytics_flutter_plugin: 15a81c8bfdbfa44b1f8cdb51dc8fe0427980f3c5
  SensorsABTesting: 9d512e44b6426242fe85b26307c755de4edb393f
  SensorsAnalyticsSDK: 9b7967f54889d2c0aa734a10caffc0e5a617773a

PODFILE CHECKSUM: fb408a289158b00660fcdf4ee69e15b9fae7e08f

COCOAPODS: 1.16.2
